// !$*UTF8*$!
{
	archiveVersion = 1;
	classes = {
	};
	objectVersion = 56;
	objects = {

/* Begin PBXBuildFile section */
		B159B5422A4230FF00436E7E /* Search.storyboard in Resources */ = {isa = PBXBuildFile; fileRef = B159B5412A4230FF00436E7E /* Search.storyboard */; };
		B16DBD982A40D9C400779B7C /* MusicService.swift in Sources */ = {isa = PBXBuildFile; fileRef = B16DBD972A40D9C400779B7C /* MusicService.swift */; };
		B16DBD9D2A40D9D200779B7C /* data-images.json in Resources */ = {isa = PBXBuildFile; fileRef = B16DBD9A2A40D9D200779B7C /* data-images.json */; };
		B16DBD9E2A40D9D200779B7C /* data.json in Resources */ = {isa = PBXBuildFile; fileRef = B16DBD9B2A40D9D200779B7C /* data.json */; };
		B16DBD9F2A40D9D200779B7C /* data-with-images.json in Resources */ = {isa = PBXBuildFile; fileRef = B16DBD9C2A40D9D200779B7C /* data-with-images.json */; };
		B16DBDA12A40DF4D00779B7C /* MusicXib.xib in Resources */ = {isa = PBXBuildFile; fileRef = B16DBDA02A40DF4D00779B7C /* MusicXib.xib */; };
		B16DBDA32A40E4E600779B7C /* MusicXibController.swift in Sources */ = {isa = PBXBuildFile; fileRef = B16DBDA22A40E4E600779B7C /* MusicXibController.swift */; };
		B16DBDA62A40E9B900779B7C /* FavoritesViewController.swift in Sources */ = {isa = PBXBuildFile; fileRef = B16DBDA52A40E9B900779B7C /* FavoritesViewController.swift */; };
		B1704B692A422756006334ED /* Favorites.storyboard in Resources */ = {isa = PBXBuildFile; fileRef = B1704B682A422756006334ED /* Favorites.storyboard */; };
		B1EC5D5E2A40EC320038A7FB /* FavoritesTableViewCell.swift in Sources */ = {isa = PBXBuildFile; fileRef = B1EC5D5C2A40EC320038A7FB /* FavoritesTableViewCell.swift */; };
		B1EC5D5F2A40EC320038A7FB /* FavoritesTableViewCell.xib in Resources */ = {isa = PBXBuildFile; fileRef = B1EC5D5D2A40EC320038A7FB /* FavoritesTableViewCell.xib */; };
		F924809C2A4200530028ADDC /* LibraryPlaylistsViewController.swift in Sources */ = {isa = PBXBuildFile; fileRef = F924809B2A4200530028ADDC /* LibraryPlaylistsViewController.swift */; };
		F924809E2A4200730028ADDC /* LibrarySongsViewController.swift in Sources */ = {isa = PBXBuildFile; fileRef = F924809D2A4200730028ADDC /* LibrarySongsViewController.swift */; };
		F92480A02A4200830028ADDC /* LibraryArtistsViewController.swift in Sources */ = {isa = PBXBuildFile; fileRef = F924809F2A4200830028ADDC /* LibraryArtistsViewController.swift */; };
		F92480A32A42018B0028ADDC /* SearchViewController.swift in Sources */ = {isa = PBXBuildFile; fileRef = F92480A22A42018B0028ADDC /* SearchViewController.swift */; };
		F92480BB2A422F9D0028ADDC /* Library.storyboard in Resources */ = {isa = PBXBuildFile; fileRef = F92480B02A422F9D0028ADDC /* Library.storyboard */; };
		F92480BC2A422F9D0028ADDC /* LibraryPlaylistsViewController.swift in Sources */ = {isa = PBXBuildFile; fileRef = F92480B22A422F9D0028ADDC /* LibraryPlaylistsViewController.swift */; };
		F92480BD2A422F9D0028ADDC /* ChosenPlaylistViewController.swift in Sources */ = {isa = PBXBuildFile; fileRef = F92480B32A422F9D0028ADDC /* ChosenPlaylistViewController.swift */; };
		F92480BE2A422F9D0028ADDC /* LibrarySongsViewController.swift in Sources */ = {isa = PBXBuildFile; fileRef = F92480B52A422F9D0028ADDC /* LibrarySongsViewController.swift */; };
		F92480BF2A422F9D0028ADDC /* LibraryViewController.swift in Sources */ = {isa = PBXBuildFile; fileRef = F92480B72A422F9D0028ADDC /* LibraryViewController.swift */; };
		F92480C02A422F9D0028ADDC /* LibraryTableViewCell.swift in Sources */ = {isa = PBXBuildFile; fileRef = F92480B82A422F9D0028ADDC /* LibraryTableViewCell.swift */; };
		F92480C12A422F9D0028ADDC /* LibraryArtistsViewController.swift in Sources */ = {isa = PBXBuildFile; fileRef = F92480BA2A422F9D0028ADDC /* LibraryArtistsViewController.swift */; };
		F963EE092A40CC80000BE036 /* AppDelegate.swift in Sources */ = {isa = PBXBuildFile; fileRef = F963EE082A40CC80000BE036 /* AppDelegate.swift */; };
		F963EE0B2A40CC80000BE036 /* SceneDelegate.swift in Sources */ = {isa = PBXBuildFile; fileRef = F963EE0A2A40CC80000BE036 /* SceneDelegate.swift */; };
		F963EE0D2A40CC80000BE036 /* ViewController.swift in Sources */ = {isa = PBXBuildFile; fileRef = F963EE0C2A40CC80000BE036 /* ViewController.swift */; };
		F963EE102A40CC80000BE036 /* Main.storyboard in Resources */ = {isa = PBXBuildFile; fileRef = F963EE0E2A40CC80000BE036 /* Main.storyboard */; };
		F963EE122A40CC81000BE036 /* Assets.xcassets in Resources */ = {isa = PBXBuildFile; fileRef = F963EE112A40CC81000BE036 /* Assets.xcassets */; };
		F963EE152A40CC81000BE036 /* LaunchScreen.storyboard in Resources */ = {isa = PBXBuildFile; fileRef = F963EE132A40CC81000BE036 /* LaunchScreen.storyboard */; };
		F963EE232A40E45C000BE036 /* LibraryViewController.swift in Sources */ = {isa = PBXBuildFile; fileRef = F963EE222A40E45C000BE036 /* LibraryViewController.swift */; };
		F963EE262A40E539000BE036 /* LibraryTableViewCell.swift in Sources */ = {isa = PBXBuildFile; fileRef = F963EE252A40E539000BE036 /* LibraryTableViewCell.swift */; };
/* End PBXBuildFile section */

/* Begin PBXFileReference section */
		B159B5412A4230FF00436E7E /* Search.storyboard */ = {isa = PBXFileReference; fileEncoding = 4; lastKnownFileType = file.storyboard; name = Search.storyboard; path = ../../../../../../Downloads/story/Search.storyboard; sourceTree = "<group>"; };
		B16DBD972A40D9C400779B7C /* MusicService.swift */ = {isa = PBXFileReference; fileEncoding = 4; lastKnownFileType = sourcecode.swift; path = MusicService.swift; sourceTree = "<group>"; };
		B16DBD9A2A40D9D200779B7C /* data-images.json */ = {isa = PBXFileReference; fileEncoding = 4; lastKnownFileType = text.json; path = "data-images.json"; sourceTree = "<group>"; };
		B16DBD9B2A40D9D200779B7C /* data.json */ = {isa = PBXFileReference; fileEncoding = 4; lastKnownFileType = text.json; path = data.json; sourceTree = "<group>"; };
		B16DBD9C2A40D9D200779B7C /* data-with-images.json */ = {isa = PBXFileReference; fileEncoding = 4; lastKnownFileType = text.json; path = "data-with-images.json"; sourceTree = "<group>"; };
		B16DBDA02A40DF4D00779B7C /* MusicXib.xib */ = {isa = PBXFileReference; lastKnownFileType = file.xib; path = MusicXib.xib; sourceTree = "<group>"; };
		B16DBDA22A40E4E600779B7C /* MusicXibController.swift */ = {isa = PBXFileReference; lastKnownFileType = sourcecode.swift; path = MusicXibController.swift; sourceTree = "<group>"; };
		B16DBDA52A40E9B900779B7C /* FavoritesViewController.swift */ = {isa = PBXFileReference; lastKnownFileType = sourcecode.swift; path = FavoritesViewController.swift; sourceTree = "<group>"; };
		B1704B682A422756006334ED /* Favorites.storyboard */ = {isa = PBXFileReference; fileEncoding = 4; lastKnownFileType = file.storyboard; path = Favorites.storyboard; sourceTree = "<group>"; };
		B1EC5D5C2A40EC320038A7FB /* FavoritesTableViewCell.swift */ = {isa = PBXFileReference; lastKnownFileType = sourcecode.swift; name = FavoritesTableViewCell.swift; path = NanoUIKit/FavoritesTableViewCell.swift; sourceTree = SOURCE_ROOT; };
		B1EC5D5D2A40EC320038A7FB /* FavoritesTableViewCell.xib */ = {isa = PBXFileReference; lastKnownFileType = file.xib; name = FavoritesTableViewCell.xib; path = NanoUIKit/FavoritesTableViewCell.xib; sourceTree = SOURCE_ROOT; };
		F924809B2A4200530028ADDC /* LibraryPlaylistsViewController.swift */ = {isa = PBXFileReference; lastKnownFileType = sourcecode.swift; path = LibraryPlaylistsViewController.swift; sourceTree = "<group>"; };
		F924809D2A4200730028ADDC /* LibrarySongsViewController.swift */ = {isa = PBXFileReference; lastKnownFileType = sourcecode.swift; path = LibrarySongsViewController.swift; sourceTree = "<group>"; };
		F924809F2A4200830028ADDC /* LibraryArtistsViewController.swift */ = {isa = PBXFileReference; lastKnownFileType = sourcecode.swift; path = LibraryArtistsViewController.swift; sourceTree = "<group>"; };
		F92480A22A42018B0028ADDC /* SearchViewController.swift */ = {isa = PBXFileReference; lastKnownFileType = sourcecode.swift; path = SearchViewController.swift; sourceTree = "<group>"; };
		F92480B02A422F9D0028ADDC /* Library.storyboard */ = {isa = PBXFileReference; fileEncoding = 4; lastKnownFileType = file.storyboard; path = Library.storyboard; sourceTree = "<group>"; };
		F92480B22A422F9D0028ADDC /* LibraryPlaylistsViewController.swift */ = {isa = PBXFileReference; fileEncoding = 4; lastKnownFileType = sourcecode.swift; path = LibraryPlaylistsViewController.swift; sourceTree = "<group>"; };
		F92480B32A422F9D0028ADDC /* ChosenPlaylistViewController.swift */ = {isa = PBXFileReference; fileEncoding = 4; lastKnownFileType = sourcecode.swift; path = ChosenPlaylistViewController.swift; sourceTree = "<group>"; };
		F92480B52A422F9D0028ADDC /* LibrarySongsViewController.swift */ = {isa = PBXFileReference; fileEncoding = 4; lastKnownFileType = sourcecode.swift; path = LibrarySongsViewController.swift; sourceTree = "<group>"; };
		F92480B72A422F9D0028ADDC /* LibraryViewController.swift */ = {isa = PBXFileReference; fileEncoding = 4; lastKnownFileType = sourcecode.swift; path = LibraryViewController.swift; sourceTree = "<group>"; };
		F92480B82A422F9D0028ADDC /* LibraryTableViewCell.swift */ = {isa = PBXFileReference; fileEncoding = 4; lastKnownFileType = sourcecode.swift; path = LibraryTableViewCell.swift; sourceTree = "<group>"; };
		F92480BA2A422F9D0028ADDC /* LibraryArtistsViewController.swift */ = {isa = PBXFileReference; fileEncoding = 4; lastKnownFileType = sourcecode.swift; path = LibraryArtistsViewController.swift; sourceTree = "<group>"; };
		F963EE052A40CC80000BE036 /* NanoUIKit.app */ = {isa = PBXFileReference; explicitFileType = wrapper.application; includeInIndex = 0; path = NanoUIKit.app; sourceTree = BUILT_PRODUCTS_DIR; };
		F963EE082A40CC80000BE036 /* AppDelegate.swift */ = {isa = PBXFileReference; lastKnownFileType = sourcecode.swift; path = AppDelegate.swift; sourceTree = "<group>"; };
		F963EE0A2A40CC80000BE036 /* SceneDelegate.swift */ = {isa = PBXFileReference; lastKnownFileType = sourcecode.swift; path = SceneDelegate.swift; sourceTree = "<group>"; };
		F963EE0C2A40CC80000BE036 /* ViewController.swift */ = {isa = PBXFileReference; lastKnownFileType = sourcecode.swift; path = ViewController.swift; sourceTree = "<group>"; };
		F963EE0F2A40CC80000BE036 /* Base */ = {isa = PBXFileReference; lastKnownFileType = file.storyboard; name = Base; path = Base.lproj/Main.storyboard; sourceTree = "<group>"; };
		F963EE112A40CC81000BE036 /* Assets.xcassets */ = {isa = PBXFileReference; lastKnownFileType = folder.assetcatalog; path = Assets.xcassets; sourceTree = "<group>"; };
		F963EE142A40CC81000BE036 /* Base */ = {isa = PBXFileReference; lastKnownFileType = file.storyboard; name = Base; path = Base.lproj/LaunchScreen.storyboard; sourceTree = "<group>"; };
		F963EE162A40CC81000BE036 /* Info.plist */ = {isa = PBXFileReference; lastKnownFileType = text.plist.xml; path = Info.plist; sourceTree = "<group>"; };
		F963EE222A40E45C000BE036 /* LibraryViewController.swift */ = {isa = PBXFileReference; lastKnownFileType = sourcecode.swift; path = LibraryViewController.swift; sourceTree = "<group>"; };
		F963EE252A40E539000BE036 /* LibraryTableViewCell.swift */ = {isa = PBXFileReference; lastKnownFileType = sourcecode.swift; path = LibraryTableViewCell.swift; sourceTree = "<group>"; };
/* End PBXFileReference section */

/* Begin PBXFrameworksBuildPhase section */
		F963EE022A40CC80000BE036 /* Frameworks */ = {
			isa = PBXFrameworksBuildPhase;
			buildActionMask = 2147483647;
			files = (
			);
			runOnlyForDeploymentPostprocessing = 0;
		};
/* End PBXFrameworksBuildPhase section */

/* Begin PBXGroup section */
		B16DBD962A40D9C400779B7C /* Service */ = {
			isa = PBXGroup;
			children = (
				B16DBD972A40D9C400779B7C /* MusicService.swift */,
			);
			path = Service;
			sourceTree = "<group>";
		};
		B16DBD992A40D9D200779B7C /* Model */ = {
			isa = PBXGroup;
			children = (
				B16DBD9A2A40D9D200779B7C /* data-images.json */,
				B16DBD9B2A40D9D200779B7C /* data.json */,
				B16DBD9C2A40D9D200779B7C /* data-with-images.json */,
			);
			path = Model;
			sourceTree = "<group>";
		};
		B16DBDA42A40E98000779B7C /* Favorites */ = {
			isa = PBXGroup;
			children = (
				B1704B682A422756006334ED /* Favorites.storyboard */,
				B1EC5D5C2A40EC320038A7FB /* FavoritesTableViewCell.swift */,
				B1EC5D5D2A40EC320038A7FB /* FavoritesTableViewCell.xib */,
				B16DBDA52A40E9B900779B7C /* FavoritesViewController.swift */,
			);
			path = Favorites;
			sourceTree = "<group>";
		};
		B16DBDA72A40E9EF00779B7C /* Xibs */ = {
			isa = PBXGroup;
			children = (
				B16DBDA22A40E4E600779B7C /* MusicXibController.swift */,
				B16DBDA02A40DF4D00779B7C /* MusicXib.xib */,
			);
			path = Xibs;
			sourceTree = "<group>";
		};
		F92480A12A4200E00028ADDC /* SearchTab */ = {
			isa = PBXGroup;
			children = (
				B159B5412A4230FF00436E7E /* Search.storyboard */,
				F92480A22A42018B0028ADDC /* SearchViewController.swift */,
			);
			path = SearchTab;
			sourceTree = "<group>";
		};
		F963EDFC2A40CC80000BE036 = {
			isa = PBXGroup;
			children = (
				F963EE072A40CC80000BE036 /* NanoUIKit */,
				F963EE062A40CC80000BE036 /* Products */,
			);
			sourceTree = "<group>";
		};
		F963EE062A40CC80000BE036 /* Products */ = {
			isa = PBXGroup;
			children = (
				F963EE052A40CC80000BE036 /* NanoUIKit.app */,
			);
			name = Products;
			sourceTree = "<group>";
		};
		F963EE072A40CC80000BE036 /* NanoUIKit */ = {
			isa = PBXGroup;
			children = (
				B16DBDA72A40E9EF00779B7C /* Xibs */,
				B16DBDA42A40E98000779B7C /* Favorites */,
				B16DBD992A40D9D200779B7C /* Model */,
				B16DBD962A40D9C400779B7C /* Service */,
				F963EE082A40CC80000BE036 /* AppDelegate.swift */,
				F963EE0A2A40CC80000BE036 /* SceneDelegate.swift */,
				F963EE0C2A40CC80000BE036 /* ViewController.swift */,
				F963EE0E2A40CC80000BE036 /* Main.storyboard */,
				F963EE242A40E484000BE036 /* LibraryTab */,
				F92480A12A4200E00028ADDC /* SearchTab */,
				F963EE112A40CC81000BE036 /* Assets.xcassets */,
				F963EE132A40CC81000BE036 /* LaunchScreen.storyboard */,
				F963EE162A40CC81000BE036 /* Info.plist */,
			);
			path = NanoUIKit;
			sourceTree = "<group>";
		};
		F963EE242A40E484000BE036 /* LibraryTab */ = {
			isa = PBXGroup;
			children = (
				F963EE222A40E45C000BE036 /* LibraryViewController.swift */,
				F963EE252A40E539000BE036 /* LibraryTableViewCell.swift */,
				F924809B2A4200530028ADDC /* LibraryPlaylistsViewController.swift */,
				F924809F2A4200830028ADDC /* LibraryArtistsViewController.swift */,
				F924809D2A4200730028ADDC /* LibrarySongsViewController.swift */,
			);
			path = LibraryTab;
			sourceTree = "<group>";
		};
/* End PBXGroup section */

/* Begin PBXNativeTarget section */
		F963EE042A40CC80000BE036 /* NanoUIKit */ = {
			isa = PBXNativeTarget;
			buildConfigurationList = F963EE192A40CC81000BE036 /* Build configuration list for PBXNativeTarget "NanoUIKit" */;
			buildPhases = (
				F963EE012A40CC80000BE036 /* Sources */,
				F963EE022A40CC80000BE036 /* Frameworks */,
				F963EE032A40CC80000BE036 /* Resources */,
			);
			buildRules = (
			);
			dependencies = (
			);
			name = NanoUIKit;
			productName = NanoUIKit;
			productReference = F963EE052A40CC80000BE036 /* NanoUIKit.app */;
			productType = "com.apple.product-type.application";
		};
/* End PBXNativeTarget section */

/* Begin PBXProject section */
		F963EDFD2A40CC80000BE036 /* Project object */ = {
			isa = PBXProject;
			attributes = {
				BuildIndependentTargetsInParallel = 1;
				LastSwiftUpdateCheck = 1430;
				LastUpgradeCheck = 1430;
				TargetAttributes = {
					F963EE042A40CC80000BE036 = {
						CreatedOnToolsVersion = 14.3.1;
					};
				};
			};
			buildConfigurationList = F963EE002A40CC80000BE036 /* Build configuration list for PBXProject "NanoUIKit" */;
			compatibilityVersion = "Xcode 14.0";
			developmentRegion = en;
			hasScannedForEncodings = 0;
			knownRegions = (
				en,
				Base,
			);
			mainGroup = F963EDFC2A40CC80000BE036;
			productRefGroup = F963EE062A40CC80000BE036 /* Products */;
			projectDirPath = "";
			projectRoot = "";
			targets = (
				F963EE042A40CC80000BE036 /* NanoUIKit */,
			);
		};
/* End PBXProject section */

/* Begin PBXResourcesBuildPhase section */
		F963EE032A40CC80000BE036 /* Resources */ = {
			isa = PBXResourcesBuildPhase;
			buildActionMask = 2147483647;
			files = (
				B1EC5D5F2A40EC320038A7FB /* FavoritesTableViewCell.xib in Resources */,
				F963EE152A40CC81000BE036 /* LaunchScreen.storyboard in Resources */,
				F963EE122A40CC81000BE036 /* Assets.xcassets in Resources */,
				B16DBD9E2A40D9D200779B7C /* data.json in Resources */,
				B1704B692A422756006334ED /* Favorites.storyboard in Resources */,
				B16DBD9D2A40D9D200779B7C /* data-images.json in Resources */,
				B16DBDA12A40DF4D00779B7C /* MusicXib.xib in Resources */,
				B159B5422A4230FF00436E7E /* Search.storyboard in Resources */,
				F963EE102A40CC80000BE036 /* Main.storyboard in Resources */,
				B16DBD9F2A40D9D200779B7C /* data-with-images.json in Resources */,
			);
			runOnlyForDeploymentPostprocessing = 0;
		};
/* End PBXResourcesBuildPhase section */

/* Begin PBXSourcesBuildPhase section */
		F963EE012A40CC80000BE036 /* Sources */ = {
			isa = PBXSourcesBuildPhase;
			buildActionMask = 2147483647;
			files = (
				F92480A32A42018B0028ADDC /* SearchViewController.swift in Sources */,
				B16DBDA32A40E4E600779B7C /* MusicXibController.swift in Sources */,
				F963EE0D2A40CC80000BE036 /* ViewController.swift in Sources */,
				F963EE232A40E45C000BE036 /* LibraryViewController.swift in Sources */,
				F924809E2A4200730028ADDC /* LibrarySongsViewController.swift in Sources */,
				F963EE092A40CC80000BE036 /* AppDelegate.swift in Sources */,
				F963EE0B2A40CC80000BE036 /* SceneDelegate.swift in Sources */,
				B1EC5D5E2A40EC320038A7FB /* FavoritesTableViewCell.swift in Sources */,
				B16DBDA62A40E9B900779B7C /* FavoritesViewController.swift in Sources */,
				B16DBD982A40D9C400779B7C /* MusicService.swift in Sources */,
				F92480A02A4200830028ADDC /* LibraryArtistsViewController.swift in Sources */,
				F924809C2A4200530028ADDC /* LibraryPlaylistsViewController.swift in Sources */,
				F963EE262A40E539000BE036 /* LibraryTableViewCell.swift in Sources */,
			);
			runOnlyForDeploymentPostprocessing = 0;
		};
/* End PBXSourcesBuildPhase section */

/* Begin PBXVariantGroup section */
		F963EE0E2A40CC80000BE036 /* Main.storyboard */ = {
			isa = PBXVariantGroup;
			children = (
				F963EE0F2A40CC80000BE036 /* Base */,
			);
			name = Main.storyboard;
			sourceTree = "<group>";
		};
		F963EE132A40CC81000BE036 /* LaunchScreen.storyboard */ = {
			isa = PBXVariantGroup;
			children = (
				F963EE142A40CC81000BE036 /* Base */,
			);
			name = LaunchScreen.storyboard;
			sourceTree = "<group>";
		};
/* End PBXVariantGroup section */

/* Begin XCBuildConfiguration section */
		F963EE172A40CC81000BE036 /* Debug */ = {
			isa = XCBuildConfiguration;
			buildSettings = {
				ALWAYS_SEARCH_USER_PATHS = NO;
				CLANG_ANALYZER_NONNULL = YES;
				CLANG_ANALYZER_NUMBER_OBJECT_CONVERSION = YES_AGGRESSIVE;
				CLANG_CXX_LANGUAGE_STANDARD = "gnu++20";
				CLANG_ENABLE_MODULES = YES;
				CLANG_ENABLE_OBJC_ARC = YES;
				CLANG_ENABLE_OBJC_WEAK = YES;
				CLANG_WARN_BLOCK_CAPTURE_AUTORELEASING = YES;
				CLANG_WARN_BOOL_CONVERSION = YES;
				CLANG_WARN_COMMA = YES;
				CLANG_WARN_CONSTANT_CONVERSION = YES;
				CLANG_WARN_DEPRECATED_OBJC_IMPLEMENTATIONS = YES;
				CLANG_WARN_DIRECT_OBJC_ISA_USAGE = YES_ERROR;
				CLANG_WARN_DOCUMENTATION_COMMENTS = YES;
				CLANG_WARN_EMPTY_BODY = YES;
				CLANG_WARN_ENUM_CONVERSION = YES;
				CLANG_WARN_INFINITE_RECURSION = YES;
				CLANG_WARN_INT_CONVERSION = YES;
				CLANG_WARN_NON_LITERAL_NULL_CONVERSION = YES;
				CLANG_WARN_OBJC_IMPLICIT_RETAIN_SELF = YES;
				CLANG_WARN_OBJC_LITERAL_CONVERSION = YES;
				CLANG_WARN_OBJC_ROOT_CLASS = YES_ERROR;
				CLANG_WARN_QUOTED_INCLUDE_IN_FRAMEWORK_HEADER = YES;
				CLANG_WARN_RANGE_LOOP_ANALYSIS = YES;
				CLANG_WARN_STRICT_PROTOTYPES = YES;
				CLANG_WARN_SUSPICIOUS_MOVE = YES;
				CLANG_WARN_UNGUARDED_AVAILABILITY = YES_AGGRESSIVE;
				CLANG_WARN_UNREACHABLE_CODE = YES;
				CLANG_WARN__DUPLICATE_METHOD_MATCH = YES;
				COPY_PHASE_STRIP = NO;
				DEBUG_INFORMATION_FORMAT = dwarf;
				ENABLE_STRICT_OBJC_MSGSEND = YES;
				ENABLE_TESTABILITY = YES;
				GCC_C_LANGUAGE_STANDARD = gnu11;
				GCC_DYNAMIC_NO_PIC = NO;
				GCC_NO_COMMON_BLOCKS = YES;
				GCC_OPTIMIZATION_LEVEL = 0;
				GCC_PREPROCESSOR_DEFINITIONS = (
					"DEBUG=1",
					"$(inherited)",
				);
				GCC_WARN_64_TO_32_BIT_CONVERSION = YES;
				GCC_WARN_ABOUT_RETURN_TYPE = YES_ERROR;
				GCC_WARN_UNDECLARED_SELECTOR = YES;
				GCC_WARN_UNINITIALIZED_AUTOS = YES_AGGRESSIVE;
				GCC_WARN_UNUSED_FUNCTION = YES;
				GCC_WARN_UNUSED_VARIABLE = YES;
				IPHONEOS_DEPLOYMENT_TARGET = 16.4;
				MTL_ENABLE_DEBUG_INFO = INCLUDE_SOURCE;
				MTL_FAST_MATH = YES;
				ONLY_ACTIVE_ARCH = YES;
				SDKROOT = iphoneos;
				SWIFT_ACTIVE_COMPILATION_CONDITIONS = DEBUG;
				SWIFT_OPTIMIZATION_LEVEL = "-Onone";
			};
			name = Debug;
		};
		F963EE182A40CC81000BE036 /* Release */ = {
			isa = XCBuildConfiguration;
			buildSettings = {
				ALWAYS_SEARCH_USER_PATHS = NO;
				CLANG_ANALYZER_NONNULL = YES;
				CLANG_ANALYZER_NUMBER_OBJECT_CONVERSION = YES_AGGRESSIVE;
				CLANG_CXX_LANGUAGE_STANDARD = "gnu++20";
				CLANG_ENABLE_MODULES = YES;
				CLANG_ENABLE_OBJC_ARC = YES;
				CLANG_ENABLE_OBJC_WEAK = YES;
				CLANG_WARN_BLOCK_CAPTURE_AUTORELEASING = YES;
				CLANG_WARN_BOOL_CONVERSION = YES;
				CLANG_WARN_COMMA = YES;
				CLANG_WARN_CONSTANT_CONVERSION = YES;
				CLANG_WARN_DEPRECATED_OBJC_IMPLEMENTATIONS = YES;
				CLANG_WARN_DIRECT_OBJC_ISA_USAGE = YES_ERROR;
				CLANG_WARN_DOCUMENTATION_COMMENTS = YES;
				CLANG_WARN_EMPTY_BODY = YES;
				CLANG_WARN_ENUM_CONVERSION = YES;
				CLANG_WARN_INFINITE_RECURSION = YES;
				CLANG_WARN_INT_CONVERSION = YES;
				CLANG_WARN_NON_LITERAL_NULL_CONVERSION = YES;
				CLANG_WARN_OBJC_IMPLICIT_RETAIN_SELF = YES;
				CLANG_WARN_OBJC_LITERAL_CONVERSION = YES;
				CLANG_WARN_OBJC_ROOT_CLASS = YES_ERROR;
				CLANG_WARN_QUOTED_INCLUDE_IN_FRAMEWORK_HEADER = YES;
				CLANG_WARN_RANGE_LOOP_ANALYSIS = YES;
				CLANG_WARN_STRICT_PROTOTYPES = YES;
				CLANG_WARN_SUSPICIOUS_MOVE = YES;
				CLANG_WARN_UNGUARDED_AVAILABILITY = YES_AGGRESSIVE;
				CLANG_WARN_UNREACHABLE_CODE = YES;
				CLANG_WARN__DUPLICATE_METHOD_MATCH = YES;
				COPY_PHASE_STRIP = NO;
				DEBUG_INFORMATION_FORMAT = "dwarf-with-dsym";
				ENABLE_NS_ASSERTIONS = NO;
				ENABLE_STRICT_OBJC_MSGSEND = YES;
				GCC_C_LANGUAGE_STANDARD = gnu11;
				GCC_NO_COMMON_BLOCKS = YES;
				GCC_WARN_64_TO_32_BIT_CONVERSION = YES;
				GCC_WARN_ABOUT_RETURN_TYPE = YES_ERROR;
				GCC_WARN_UNDECLARED_SELECTOR = YES;
				GCC_WARN_UNINITIALIZED_AUTOS = YES_AGGRESSIVE;
				GCC_WARN_UNUSED_FUNCTION = YES;
				GCC_WARN_UNUSED_VARIABLE = YES;
				IPHONEOS_DEPLOYMENT_TARGET = 16.4;
				MTL_ENABLE_DEBUG_INFO = NO;
				MTL_FAST_MATH = YES;
				SDKROOT = iphoneos;
				SWIFT_COMPILATION_MODE = wholemodule;
				SWIFT_OPTIMIZATION_LEVEL = "-O";
				VALIDATE_PRODUCT = YES;
			};
			name = Release;
		};
		F963EE1A2A40CC81000BE036 /* Debug */ = {
			isa = XCBuildConfiguration;
			buildSettings = {
				ASSETCATALOG_COMPILER_APPICON_NAME = AppIcon;
				ASSETCATALOG_COMPILER_GLOBAL_ACCENT_COLOR_NAME = AccentColor;
				CODE_SIGN_STYLE = Automatic;
				CURRENT_PROJECT_VERSION = 1;
				DEVELOPMENT_TEAM = 2V5RBDFH46;
				GENERATE_INFOPLIST_FILE = YES;
				INFOPLIST_FILE = NanoUIKit/Info.plist;
				INFOPLIST_KEY_UIApplicationSupportsIndirectInputEvents = YES;
				INFOPLIST_KEY_UILaunchStoryboardName = LaunchScreen;
				INFOPLIST_KEY_UIMainStoryboardFile = Main;
				INFOPLIST_KEY_UISupportedInterfaceOrientations_iPad = "UIInterfaceOrientationPortrait UIInterfaceOrientationPortraitUpsideDown UIInterfaceOrientationLandscapeLeft UIInterfaceOrientationLandscapeRight";
				INFOPLIST_KEY_UISupportedInterfaceOrientations_iPhone = "UIInterfaceOrientationPortrait UIInterfaceOrientationLandscapeLeft UIInterfaceOrientationLandscapeRight";
				IPHONEOS_DEPLOYMENT_TARGET = 16.0;
				LD_RUNPATH_SEARCH_PATHS = (
					"$(inherited)",
					"@executable_path/Frameworks",
				);
				MARKETING_VERSION = 1.0;
				PRODUCT_BUNDLE_IDENTIFIER = "com.Pedro-Muller29.NanoUIKit";
				PRODUCT_NAME = "$(TARGET_NAME)";
				SWIFT_EMIT_LOC_STRINGS = YES;
				SWIFT_VERSION = 5.0;
				TARGETED_DEVICE_FAMILY = "1,2";
			};
			name = Debug;
		};
		F963EE1B2A40CC81000BE036 /* Release */ = {
			isa = XCBuildConfiguration;
			buildSettings = {
				ASSETCATALOG_COMPILER_APPICON_NAME = AppIcon;
				ASSETCATALOG_COMPILER_GLOBAL_ACCENT_COLOR_NAME = AccentColor;
				CODE_SIGN_STYLE = Automatic;
				CURRENT_PROJECT_VERSION = 1;
				DEVELOPMENT_TEAM = 2V5RBDFH46;
				GENERATE_INFOPLIST_FILE = YES;
				INFOPLIST_FILE = NanoUIKit/Info.plist;
				INFOPLIST_KEY_UIApplicationSupportsIndirectInputEvents = YES;
				INFOPLIST_KEY_UILaunchStoryboardName = LaunchScreen;
				INFOPLIST_KEY_UIMainStoryboardFile = Main;
				INFOPLIST_KEY_UISupportedInterfaceOrientations_iPad = "UIInterfaceOrientationPortrait UIInterfaceOrientationPortraitUpsideDown UIInterfaceOrientationLandscapeLeft UIInterfaceOrientationLandscapeRight";
				INFOPLIST_KEY_UISupportedInterfaceOrientations_iPhone = "UIInterfaceOrientationPortrait UIInterfaceOrientationLandscapeLeft UIInterfaceOrientationLandscapeRight";
				IPHONEOS_DEPLOYMENT_TARGET = 16.0;
				LD_RUNPATH_SEARCH_PATHS = (
					"$(inherited)",
					"@executable_path/Frameworks",
				);
				MARKETING_VERSION = 1.0;
				PRODUCT_BUNDLE_IDENTIFIER = "com.Pedro-Muller29.NanoUIKit";
				PRODUCT_NAME = "$(TARGET_NAME)";
				SWIFT_EMIT_LOC_STRINGS = YES;
				SWIFT_VERSION = 5.0;
				TARGETED_DEVICE_FAMILY = "1,2";
			};
			name = Release;
		};
/* End XCBuildConfiguration section */

/* Begin XCConfigurationList section */
		F963EE002A40CC80000BE036 /* Build configuration list for PBXProject "NanoUIKit" */ = {
			isa = XCConfigurationList;
			buildConfigurations = (
				F963EE172A40CC81000BE036 /* Debug */,
				F963EE182A40CC81000BE036 /* Release */,
			);
			defaultConfigurationIsVisible = 0;
			defaultConfigurationName = Release;
		};
		F963EE192A40CC81000BE036 /* Build configuration list for PBXNativeTarget "NanoUIKit" */ = {
			isa = XCConfigurationList;
			buildConfigurations = (
				F963EE1A2A40CC81000BE036 /* Debug */,
				F963EE1B2A40CC81000BE036 /* Release */,
			);
			defaultConfigurationIsVisible = 0;
			defaultConfigurationName = Release;
		};
/* End XCConfigurationList section */
	};
	rootObject = F963EDFD2A40CC80000BE036 /* Project object */;
}
